// !$*UTF8*$!
{
	archiveVersion = 1;
	classes = {
	};
	objectVersion = 77;
	objects = {

/* Begin PBXBuildFile section */
		10E560BDB3C439BFC2808E85 /* AMUXUITests.swift in Sources */ = {isa = PBXBuildFile; fileRef = C07BD2A492D93FDCCB10637D /* AMUXUITests.swift */; };
		15AE54E5F6CE826C9D3884B5 /* AMUXCore in Frameworks */ = {isa = PBXBuildFile; productRef = E240150FE27A7C45F36DE38D /* AMUXCore */; };
		16C83AF390462FDDFA5ABAEE /* AMUXApp.swift in Sources */ = {isa = PBXBuildFile; fileRef = 499D508CBB7FB4FD1F584D9D /* AMUXApp.swift */; };
		22B96DF1896B1E4DC0775A27 /* ChooseAuthView.swift in Sources */ = {isa = PBXBuildFile; fileRef = 08132EB197A0E82A4E7F3C97 /* ChooseAuthView.swift */; };
		2468D5A7710326FCAE98EED5 /* AMUXSessionMessageRegressionTests.swift in Sources */ = {isa = PBXBuildFile; fileRef = 9E532B070FBC309D7EB883CE /* AMUXSessionMessageRegressionTests.swift */; };
		29502E986D717CDB6A9EE9FC /* AMUXSessionLiveCaptureTest.swift in Sources */ = {isa = PBXBuildFile; fileRef = 194E71B71F97908AD85A630C /* AMUXSessionLiveCaptureTest.swift */; };
		29C3F045A406DBA4AD7D1F32 /* OnboardingViews.swift in Sources */ = {isa = PBXBuildFile; fileRef = A57443CB6DA7A01B751BBA00 /* OnboardingViews.swift */; };
		2C36DC72B69CF16E00B4ECB5 /* ContentView.swift in Sources */ = {isa = PBXBuildFile; fileRef = F467BD534BE686B6EACBD702 /* ContentView.swift */; };
		3203553BEAE4D5D79B881582 /* SentrySwiftUI in Frameworks */ = {isa = PBXBuildFile; productRef = 5821CF422126708735E13341 /* SentrySwiftUI */; };
		4553E608B533CD245A887A39 /* AMUXSessionStreamingUITests.swift in Sources */ = {isa = PBXBuildFile; fileRef = 7089CE9863C2F15703551691 /* AMUXSessionStreamingUITests.swift */; };
		48A4F0655EACAE64B0B0232B /* AMUXUI in Frameworks */ = {isa = PBXBuildFile; productRef = 984FDD5CB983CACB65198166 /* AMUXUI */; };
		989AF52819F1BFC91A3315B1 /* AMUXSharedUI in Frameworks */ = {isa = PBXBuildFile; productRef = 5400E9174EF5F9869349C3EF /* AMUXSharedUI */; };
		A77EC78143196C418FE87C82 /* AMUXAuthUITests.swift in Sources */ = {isa = PBXBuildFile; fileRef = E16412C0DABEF538623C6257 /* AMUXAuthUITests.swift */; };
		E162A3FC8793994442C23372 /* WelcomeView.swift in Sources */ = {isa = PBXBuildFile; fileRef = AA5C333674232A156EF5A6D1 /* WelcomeView.swift */; };
		EB09506708CCBE1B923FBFAE /* Assets.xcassets in Resources */ = {isa = PBXBuildFile; fileRef = 25D67C6EB2C2948CCFE684D1 /* Assets.xcassets */; };
		EC3990515ABE38A90617C32E /* LoginView.swift in Sources */ = {isa = PBXBuildFile; fileRef = 514F7615E8C226A5F3660A5F /* LoginView.swift */; };
		F4C758D14EA8FC4DFFD453E8 /* AMUXSessionLiveDiagTest.swift in Sources */ = {isa = PBXBuildFile; fileRef = 2304BE28BB84D7C798F28A65 /* AMUXSessionLiveDiagTest.swift */; };
/* End PBXBuildFile section */

/* Begin PBXFileReference section */
		08132EB197A0E82A4E7F3C97 /* ChooseAuthView.swift */ = {isa = PBXFileReference; lastKnownFileType = sourcecode.swift; path = ChooseAuthView.swift; sourceTree = "<group>"; };
		194E71B71F97908AD85A630C /* AMUXSessionLiveCaptureTest.swift */ = {isa = PBXFileReference; lastKnownFileType = sourcecode.swift; path = AMUXSessionLiveCaptureTest.swift; sourceTree = "<group>"; };
		2304BE28BB84D7C798F28A65 /* AMUXSessionLiveDiagTest.swift */ = {isa = PBXFileReference; lastKnownFileType = sourcecode.swift; path = AMUXSessionLiveDiagTest.swift; sourceTree = "<group>"; };
		25D67C6EB2C2948CCFE684D1 /* Assets.xcassets */ = {isa = PBXFileReference; lastKnownFileType = folder.assetcatalog; path = Assets.xcassets; sourceTree = "<group>"; };
		278531282E6CC92737596EAF /* AMUXCore */ = {isa = PBXFileReference; lastKnownFileType = folder; name = AMUXCore; path = Packages/AMUXCore; sourceTree = SOURCE_ROOT; };
		499D508CBB7FB4FD1F584D9D /* AMUXApp.swift */ = {isa = PBXFileReference; lastKnownFileType = sourcecode.swift; path = AMUXApp.swift; sourceTree = "<group>"; };
		514F7615E8C226A5F3660A5F /* LoginView.swift */ = {isa = PBXFileReference; lastKnownFileType = sourcecode.swift; path = LoginView.swift; sourceTree = "<group>"; };
		5A17336F2708FD5E2A0C62C8 /* AMUXSharedUI */ = {isa = PBXFileReference; lastKnownFileType = folder; name = AMUXSharedUI; path = Packages/AMUXSharedUI; sourceTree = SOURCE_ROOT; };
		7089CE9863C2F15703551691 /* AMUXSessionStreamingUITests.swift */ = {isa = PBXFileReference; lastKnownFileType = sourcecode.swift; path = AMUXSessionStreamingUITests.swift; sourceTree = "<group>"; };
		913DCF0E3CEDD1823F52E8D6 /* AMUXUI */ = {isa = PBXFileReference; lastKnownFileType = folder; name = AMUXUI; path = Packages/AMUXUI; sourceTree = SOURCE_ROOT; };
		92EC5FA726FD730FCA929AD0 /* AMUX.app */ = {isa = PBXFileReference; includeInIndex = 0; lastKnownFileType = wrapper.application; path = AMUX.app; sourceTree = BUILT_PRODUCTS_DIR; };
		9E532B070FBC309D7EB883CE /* AMUXSessionMessageRegressionTests.swift */ = {isa = PBXFileReference; lastKnownFileType = sourcecode.swift; path = AMUXSessionMessageRegressionTests.swift; sourceTree = "<group>"; };
		A57443CB6DA7A01B751BBA00 /* OnboardingViews.swift */ = {isa = PBXFileReference; lastKnownFileType = sourcecode.swift; path = OnboardingViews.swift; sourceTree = "<group>"; };
		AA5C333674232A156EF5A6D1 /* WelcomeView.swift */ = {isa = PBXFileReference; lastKnownFileType = sourcecode.swift; path = WelcomeView.swift; sourceTree = "<group>"; };
		B26E4EC39A79E60BACC23B33 /* AMUXUITests.xctest */ = {isa = PBXFileReference; includeInIndex = 0; lastKnownFileType = wrapper.cfbundle; path = AMUXUITests.xctest; sourceTree = BUILT_PRODUCTS_DIR; };
		C07BD2A492D93FDCCB10637D /* AMUXUITests.swift */ = {isa = PBXFileReference; lastKnownFileType = sourcecode.swift; path = AMUXUITests.swift; sourceTree = "<group>"; };
		E16412C0DABEF538623C6257 /* AMUXAuthUITests.swift */ = {isa = PBXFileReference; lastKnownFileType = sourcecode.swift; path = AMUXAuthUITests.swift; sourceTree = "<group>"; };
		F467BD534BE686B6EACBD702 /* ContentView.swift */ = {isa = PBXFileReference; lastKnownFileType = sourcecode.swift; path = ContentView.swift; sourceTree = "<group>"; };
		FDEFC0BF7C8A215582AF7257 /* Info.plist */ = {isa = PBXFileReference; lastKnownFileType = text.plist; path = Info.plist; sourceTree = "<group>"; };
/* End PBXFileReference section */

/* Begin PBXFrameworksBuildPhase section */
		ECADCD32155644B8EFA9179C /* Frameworks */ = {
			isa = PBXFrameworksBuildPhase;
			buildActionMask = 2147483647;
			files = (
				15AE54E5F6CE826C9D3884B5 /* AMUXCore in Frameworks */,
				48A4F0655EACAE64B0B0232B /* AMUXUI in Frameworks */,
				989AF52819F1BFC91A3315B1 /* AMUXSharedUI in Frameworks */,
				3203553BEAE4D5D79B881582 /* SentrySwiftUI in Frameworks */,
			);
			runOnlyForDeploymentPostprocessing = 0;
		};
/* End PBXFrameworksBuildPhase section */

/* Begin PBXGroup section */
		334DCAF382DCB0E595087C5F /* AMUXUITests */ = {
			isa = PBXGroup;
			children = (
				E16412C0DABEF538623C6257 /* AMUXAuthUITests.swift */,
				194E71B71F97908AD85A630C /* AMUXSessionLiveCaptureTest.swift */,
				2304BE28BB84D7C798F28A65 /* AMUXSessionLiveDiagTest.swift */,
				9E532B070FBC309D7EB883CE /* AMUXSessionMessageRegressionTests.swift */,
				7089CE9863C2F15703551691 /* AMUXSessionStreamingUITests.swift */,
				C07BD2A492D93FDCCB10637D /* AMUXUITests.swift */,
			);
			path = AMUXUITests;
			sourceTree = "<group>";
		};
		83793258F8E10835639EAA01 = {
			isa = PBXGroup;
			children = (
				DE118744A87DC657033FEE83 /* AMUXApp */,
				334DCAF382DCB0E595087C5F /* AMUXUITests */,
				F3F3AE62103A736D5640947B /* Packages */,
				963A4419258D8363CB0E797F /* Products */,
			);
			sourceTree = "<group>";
		};
		963A4419258D8363CB0E797F /* Products */ = {
			isa = PBXGroup;
			children = (
				92EC5FA726FD730FCA929AD0 /* AMUX.app */,
				B26E4EC39A79E60BACC23B33 /* AMUXUITests.xctest */,
			);
			name = Products;
			sourceTree = "<group>";
		};
		DE118744A87DC657033FEE83 /* AMUXApp */ = {
			isa = PBXGroup;
			children = (
				499D508CBB7FB4FD1F584D9D /* AMUXApp.swift */,
				25D67C6EB2C2948CCFE684D1 /* Assets.xcassets */,
				08132EB197A0E82A4E7F3C97 /* ChooseAuthView.swift */,
				F467BD534BE686B6EACBD702 /* ContentView.swift */,
				FDEFC0BF7C8A215582AF7257 /* Info.plist */,
				514F7615E8C226A5F3660A5F /* LoginView.swift */,
				A57443CB6DA7A01B751BBA00 /* OnboardingViews.swift */,
				AA5C333674232A156EF5A6D1 /* WelcomeView.swift */,
			);
			path = AMUXApp;
			sourceTree = "<group>";
		};
		F3F3AE62103A736D5640947B /* Packages */ = {
			isa = PBXGroup;
			children = (
				278531282E6CC92737596EAF /* AMUXCore */,
				5A17336F2708FD5E2A0C62C8 /* AMUXSharedUI */,
				913DCF0E3CEDD1823F52E8D6 /* AMUXUI */,
			);
			path = Packages;
			sourceTree = "<group>";
		};
/* End PBXGroup section */

/* Begin PBXNativeTarget section */
		88EBDC80E588A3914F746958 /* AMUX */ = {
			isa = PBXNativeTarget;
			buildConfigurationList = 48EFA33B3A56F1288E6D1CE0 /* Build configuration list for PBXNativeTarget "AMUX" */;
			buildPhases = (
				2D7B8313BF40FD4C5B202734 /* Sources */,
				ADA3050110CD6C8004F1D672 /* Resources */,
				ECADCD32155644B8EFA9179C /* Frameworks */,
			);
			buildRules = (
			);
			dependencies = (
			);
			name = AMUX;
			packageProductDependencies = (
				E240150FE27A7C45F36DE38D /* AMUXCore */,
				984FDD5CB983CACB65198166 /* AMUXUI */,
				5400E9174EF5F9869349C3EF /* AMUXSharedUI */,
				5821CF422126708735E13341 /* SentrySwiftUI */,
			);
			productName = AMUX;
			productReference = 92EC5FA726FD730FCA929AD0 /* AMUX.app */;
			productType = "com.apple.product-type.application";
		};
		95B89C84C28FD2B5C770C9CD /* AMUXUITests */ = {
			isa = PBXNativeTarget;
			buildConfigurationList = B9AF2FA3A02B0144B1983184 /* Build configuration list for PBXNativeTarget "AMUXUITests" */;
			buildPhases = (
				9236A1FFDE3DE4D2E2430A38 /* Sources */,
			);
			buildRules = (
			);
			dependencies = (
			);
			name = AMUXUITests;
			packageProductDependencies = (
			);
			productName = AMUXUITests;
			productReference = B26E4EC39A79E60BACC23B33 /* AMUXUITests.xctest */;
			productType = "com.apple.product-type.bundle.ui-testing";
		};
/* End PBXNativeTarget section */

/* Begin PBXProject section */
		B5450DF3EE729297DB2BFD31 /* Project object */ = {
			isa = PBXProject;
			attributes = {
				BuildIndependentTargetsInParallel = YES;
				LastUpgradeCheck = 2600;
				TargetAttributes = {
					88EBDC80E588A3914F746958 = {
						DevelopmentTeam = 43G5A6G9QV;
					};
					95B89C84C28FD2B5C770C9CD = {
						DevelopmentTeam = 43G5A6G9QV;
						TestTargetID = 88EBDC80E588A3914F746958;
					};
				};
			};
			buildConfigurationList = E7004AD026FE880F080DB80C /* Build configuration list for PBXProject "AMUX" */;
			developmentRegion = en;
			hasScannedForEncodings = 0;
			knownRegions = (
				Base,
				en,
			);
			mainGroup = 83793258F8E10835639EAA01;
			minimizedProjectReferenceProxies = 1;
			packageReferences = (
				50F232FD09A259B871847F9E /* XCRemoteSwiftPackageReference "sentry-cocoa" */,
				48FE25CCBE8D8352AEDA3987 /* XCLocalSwiftPackageReference "Packages/AMUXCore" */,
				D3DBB7C1775118766EB22E25 /* XCLocalSwiftPackageReference "Packages/AMUXSharedUI" */,
				B60399363A37FA63521EE916 /* XCLocalSwiftPackageReference "Packages/AMUXUI" */,
			);
			preferredProjectObjectVersion = 77;
			productRefGroup = 963A4419258D8363CB0E797F /* Products */;
			projectDirPath = "";
			projectRoot = "";
			targets = (
				88EBDC80E588A3914F746958 /* AMUX */,
				95B89C84C28FD2B5C770C9CD /* AMUXUITests */,
			);
		};
/* End PBXProject section */

/* Begin PBXResourcesBuildPhase section */
		ADA3050110CD6C8004F1D672 /* Resources */ = {
			isa = PBXResourcesBuildPhase;
			buildActionMask = 2147483647;
			files = (
				EB09506708CCBE1B923FBFAE /* Assets.xcassets in Resources */,
			);
			runOnlyForDeploymentPostprocessing = 0;
		};
/* End PBXResourcesBuildPhase section */

/* Begin PBXSourcesBuildPhase section */
		2D7B8313BF40FD4C5B202734 /* Sources */ = {
			isa = PBXSourcesBuildPhase;
			buildActionMask = 2147483647;
			files = (
				16C83AF390462FDDFA5ABAEE /* AMUXApp.swift in Sources */,
				22B96DF1896B1E4DC0775A27 /* ChooseAuthView.swift in Sources */,
				2C36DC72B69CF16E00B4ECB5 /* ContentView.swift in Sources */,
				EC3990515ABE38A90617C32E /* LoginView.swift in Sources */,
				29C3F045A406DBA4AD7D1F32 /* OnboardingViews.swift in Sources */,
				E162A3FC8793994442C23372 /* WelcomeView.swift in Sources */,
			);
			runOnlyForDeploymentPostprocessing = 0;
		};
		9236A1FFDE3DE4D2E2430A38 /* Sources */ = {
			isa = PBXSourcesBuildPhase;
			buildActionMask = 2147483647;
			files = (
				A77EC78143196C418FE87C82 /* AMUXAuthUITests.swift in Sources */,
				29502E986D717CDB6A9EE9FC /* AMUXSessionLiveCaptureTest.swift in Sources */,
				F4C758D14EA8FC4DFFD453E8 /* AMUXSessionLiveDiagTest.swift in Sources */,
				2468D5A7710326FCAE98EED5 /* AMUXSessionMessageRegressionTests.swift in Sources */,
				4553E608B533CD245A887A39 /* AMUXSessionStreamingUITests.swift in Sources */,
				10E560BDB3C439BFC2808E85 /* AMUXUITests.swift in Sources */,
			);
			runOnlyForDeploymentPostprocessing = 0;
		};
/* End PBXSourcesBuildPhase section */

/* Begin XCBuildConfiguration section */
		1C850D8FBC08BD5B2CFA0C42 /* Release */ = {
			isa = XCBuildConfiguration;
			buildSettings = {
				ALWAYS_SEARCH_USER_PATHS = NO;
				CLANG_ANALYZER_NONNULL = YES;
				CLANG_ANALYZER_NUMBER_OBJECT_CONVERSION = YES_AGGRESSIVE;
				CLANG_CXX_LANGUAGE_STANDARD = "gnu++14";
				CLANG_CXX_LIBRARY = "libc++";
				CLANG_ENABLE_MODULES = YES;
				CLANG_ENABLE_OBJC_ARC = YES;
				CLANG_ENABLE_OBJC_WEAK = YES;
				CLANG_WARN_BLOCK_CAPTURE_AUTORELEASING = YES;
				CLANG_WARN_BOOL_CONVERSION = YES;
				CLANG_WARN_COMMA = YES;
				CLANG_WARN_CONSTANT_CONVERSION = YES;
				CLANG_WARN_DEPRECATED_OBJC_IMPLEMENTATIONS = YES;
				CLANG_WARN_DIRECT_OBJC_ISA_USAGE = YES_ERROR;
				CLANG_WARN_DOCUMENTATION_COMMENTS = YES;
				CLANG_WARN_EMPTY_BODY = YES;
				CLANG_WARN_ENUM_CONVERSION = YES;
				CLANG_WARN_INFINITE_RECURSION = YES;
				CLANG_WARN_INT_CONVERSION = YES;
				CLANG_WARN_NON_LITERAL_NULL_CONVERSION = YES;
				CLANG_WARN_OBJC_IMPLICIT_RETAIN_SELF = YES;
				CLANG_WARN_OBJC_LITERAL_CONVERSION = YES;
				CLANG_WARN_OBJC_ROOT_CLASS = YES_ERROR;
				CLANG_WARN_QUOTED_INCLUDE_IN_FRAMEWORK_HEADER = YES;
				CLANG_WARN_RANGE_LOOP_ANALYSIS = YES;
				CLANG_WARN_STRICT_PROTOTYPES = YES;
				CLANG_WARN_SUSPICIOUS_MOVE = YES;
				CLANG_WARN_UNGUARDED_AVAILABILITY = YES_AGGRESSIVE;
				CLANG_WARN_UNREACHABLE_CODE = YES;
				CLANG_WARN__DUPLICATE_METHOD_MATCH = YES;
				COPY_PHASE_STRIP = NO;
				DEBUG_INFORMATION_FORMAT = "dwarf-with-dsym";
				ENABLE_NS_ASSERTIONS = NO;
				ENABLE_STRICT_OBJC_MSGSEND = YES;
				GCC_C_LANGUAGE_STANDARD = gnu11;
				GCC_NO_COMMON_BLOCKS = YES;
				GCC_WARN_64_TO_32_BIT_CONVERSION = YES;
				GCC_WARN_ABOUT_RETURN_TYPE = YES_ERROR;
				GCC_WARN_UNDECLARED_SELECTOR = YES;
				GCC_WARN_UNINITIALIZED_AUTOS = YES_AGGRESSIVE;
				GCC_WARN_UNUSED_FUNCTION = YES;
				GCC_WARN_UNUSED_VARIABLE = YES;
				IPHONEOS_DEPLOYMENT_TARGET = 26.0;
				MTL_ENABLE_DEBUG_INFO = NO;
				MTL_FAST_MATH = YES;
				PRODUCT_NAME = "$(TARGET_NAME)";
				SDKROOT = iphoneos;
				SWIFT_COMPILATION_MODE = wholemodule;
				SWIFT_OPTIMIZATION_LEVEL = "-O";
				SWIFT_VERSION = 5.0;
			};
			name = Release;
		};
		53CB5489784828B4A38F152A /* Release */ = {
			isa = XCBuildConfiguration;
			buildSettings = {
				ASSETCATALOG_COMPILER_APPICON_NAME = AppIcon;
				CODE_SIGN_IDENTITY = "iPhone Developer";
				CURRENT_PROJECT_VERSION = 2;
				DEVELOPMENT_TEAM = 43G5A6G9QV;
				INFOPLIST_FILE = AMUXApp/Info.plist;
				LD_RUNPATH_SEARCH_PATHS = (
					"$(inherited)",
					"@executable_path/Frameworks",
				);
				MARKETING_VERSION = 1.1.5;
				PRODUCT_BUNDLE_IDENTIFIER = tech.teamclaw.mobile;
				SDKROOT = iphoneos;
				SWIFT_VERSION = 5.10;
				TARGETED_DEVICE_FAMILY = "1,2";
			};
			name = Release;
		};
		695700892E6C371673F78B5E /* Debug */ = {
			isa = XCBuildConfiguration;
			buildSettings = {
				ASSETCATALOG_COMPILER_APPICON_NAME = AppIcon;
				CODE_SIGN_IDENTITY = "iPhone Developer";
				CURRENT_PROJECT_VERSION = 2;
				DEVELOPMENT_TEAM = 43G5A6G9QV;
				INFOPLIST_FILE = AMUXApp/Info.plist;
				LD_RUNPATH_SEARCH_PATHS = (
					"$(inherited)",
					"@executable_path/Frameworks",
				);
				MARKETING_VERSION = 1.1.5;
				PRODUCT_BUNDLE_IDENTIFIER = tech.teamclaw.mobile;
				SDKROOT = iphoneos;
				SWIFT_VERSION = 5.10;
				TARGETED_DEVICE_FAMILY = "1,2";
			};
			name = Debug;
		};
		AF5BBA59AEF13AF33DF324DD /* Release */ = {
			isa = XCBuildConfiguration;
			buildSettings = {
				BUNDLE_LOADER = "$(TEST_HOST)";
				DEVELOPMENT_TEAM = 43G5A6G9QV;
				GENERATE_INFOPLIST_FILE = YES;
				LD_RUNPATH_SEARCH_PATHS = (
					"$(inherited)",
					"@executable_path/Frameworks",
					"@loader_path/Frameworks",
				);
				PRODUCT_BUNDLE_IDENTIFIER = tech.teamclaw.mobile.uitests;
				SDKROOT = iphoneos;
				SWIFT_VERSION = 5.10;
				TARGETED_DEVICE_FAMILY = "1,2";
				TEST_TARGET_NAME = AMUX;
			};
			name = Release;
		};
		D35A66B38C4E530AC328810F /* Debug */ = {
			isa = XCBuildConfiguration;
			buildSettings = {
				BUNDLE_LOADER = "$(TEST_HOST)";
				DEVELOPMENT_TEAM = 43G5A6G9QV;
				GENERATE_INFOPLIST_FILE = YES;
				LD_RUNPATH_SEARCH_PATHS = (
					"$(inherited)",
					"@executable_path/Frameworks",
					"@loader_path/Frameworks",
				);
				PRODUCT_BUNDLE_IDENTIFIER = tech.teamclaw.mobile.uitests;
				SDKROOT = iphoneos;
				SWIFT_VERSION = 5.10;
				TARGETED_DEVICE_FAMILY = "1,2";
				TEST_TARGET_NAME = AMUX;
			};
			name = Debug;
		};
		F01C4BD30A608FD31F758A76 /* Debug */ = {
			isa = XCBuildConfiguration;
			buildSettings = {
				ALWAYS_SEARCH_USER_PATHS = NO;
				CLANG_ANALYZER_NONNULL = YES;
				CLANG_ANALYZER_NUMBER_OBJECT_CONVERSION = YES_AGGRESSIVE;
				CLANG_CXX_LANGUAGE_STANDARD = "gnu++14";
				CLANG_CXX_LIBRARY = "libc++";
				CLANG_ENABLE_MODULES = YES;
				CLANG_ENABLE_OBJC_ARC = YES;
				CLANG_ENABLE_OBJC_WEAK = YES;
				CLANG_WARN_BLOCK_CAPTURE_AUTORELEASING = YES;
				CLANG_WARN_BOOL_CONVERSION = YES;
				CLANG_WARN_COMMA = YES;
				CLANG_WARN_CONSTANT_CONVERSION = YES;
				CLANG_WARN_DEPRECATED_OBJC_IMPLEMENTATIONS = YES;
				CLANG_WARN_DIRECT_OBJC_ISA_USAGE = YES_ERROR;
				CLANG_WARN_DOCUMENTATION_COMMENTS = YES;
				CLANG_WARN_EMPTY_BODY = YES;
				CLANG_WARN_ENUM_CONVERSION = YES;
				CLANG_WARN_INFINITE_RECURSION = YES;
				CLANG_WARN_INT_CONVERSION = YES;
				CLANG_WARN_NON_LITERAL_NULL_CONVERSION = YES;
				CLANG_WARN_OBJC_IMPLICIT_RETAIN_SELF = YES;
				CLANG_WARN_OBJC_LITERAL_CONVERSION = YES;
				CLANG_WARN_OBJC_ROOT_CLASS = YES_ERROR;
				CLANG_WARN_QUOTED_INCLUDE_IN_FRAMEWORK_HEADER = YES;
				CLANG_WARN_RANGE_LOOP_ANALYSIS = YES;
				CLANG_WARN_STRICT_PROTOTYPES = YES;
				CLANG_WARN_SUSPICIOUS_MOVE = YES;
				CLANG_WARN_UNGUARDED_AVAILABILITY = YES_AGGRESSIVE;
				CLANG_WARN_UNREACHABLE_CODE = YES;
				CLANG_WARN__DUPLICATE_METHOD_MATCH = YES;
				COPY_PHASE_STRIP = NO;
				DEBUG_INFORMATION_FORMAT = dwarf;
				ENABLE_STRICT_OBJC_MSGSEND = YES;
				ENABLE_TESTABILITY = YES;
				GCC_C_LANGUAGE_STANDARD = gnu11;
				GCC_DYNAMIC_NO_PIC = NO;
				GCC_NO_COMMON_BLOCKS = YES;
				GCC_OPTIMIZATION_LEVEL = 0;
				GCC_PREPROCESSOR_DEFINITIONS = (
					"$(inherited)",
					"DEBUG=1",
				);
				GCC_WARN_64_TO_32_BIT_CONVERSION = YES;
				GCC_WARN_ABOUT_RETURN_TYPE = YES_ERROR;
				GCC_WARN_UNDECLARED_SELECTOR = YES;
				GCC_WARN_UNINITIALIZED_AUTOS = YES_AGGRESSIVE;
				GCC_WARN_UNUSED_FUNCTION = YES;
				GCC_WARN_UNUSED_VARIABLE = YES;
				IPHONEOS_DEPLOYMENT_TARGET = 26.0;
				MTL_ENABLE_DEBUG_INFO = INCLUDE_SOURCE;
				MTL_FAST_MATH = YES;
				ONLY_ACTIVE_ARCH = YES;
				PRODUCT_NAME = "$(TARGET_NAME)";
				SDKROOT = iphoneos;
				SWIFT_ACTIVE_COMPILATION_CONDITIONS = DEBUG;
				SWIFT_OPTIMIZATION_LEVEL = "-Onone";
				SWIFT_VERSION = 5.0;
			};
			name = Debug;
		};
/* End XCBuildConfiguration section */

/* Begin XCConfigurationList section */
		48EFA33B3A56F1288E6D1CE0 /* Build configuration list for PBXNativeTarget "AMUX" */ = {
			isa = XCConfigurationList;
			buildConfigurations = (
				695700892E6C371673F78B5E /* Debug */,
				53CB5489784828B4A38F152A /* Release */,
			);
			defaultConfigurationIsVisible = 0;
			defaultConfigurationName = Debug;
		};
		B9AF2FA3A02B0144B1983184 /* Build configuration list for PBXNativeTarget "AMUXUITests" */ = {
			isa = XCConfigurationList;
			buildConfigurations = (
				D35A66B38C4E530AC328810F /* Debug */,
				AF5BBA59AEF13AF33DF324DD /* Release */,
			);
			defaultConfigurationIsVisible = 0;
			defaultConfigurationName = Debug;
		};
		E7004AD026FE880F080DB80C /* Build configuration list for PBXProject "AMUX" */ = {
			isa = XCConfigurationList;
			buildConfigurations = (
				F01C4BD30A608FD31F758A76 /* Debug */,
				1C850D8FBC08BD5B2CFA0C42 /* Release */,
			);
			defaultConfigurationIsVisible = 0;
			defaultConfigurationName = Debug;
		};
/* End XCConfigurationList section */

/* Begin XCLocalSwiftPackageReference section */
		48FE25CCBE8D8352AEDA3987 /* XCLocalSwiftPackageReference "Packages/AMUXCore" */ = {
			isa = XCLocalSwiftPackageReference;
			relativePath = Packages/AMUXCore;
		};
		B60399363A37FA63521EE916 /* XCLocalSwiftPackageReference "Packages/AMUXUI" */ = {
			isa = XCLocalSwiftPackageReference;
			relativePath = Packages/AMUXUI;
		};
		D3DBB7C1775118766EB22E25 /* XCLocalSwiftPackageReference "Packages/AMUXSharedUI" */ = {
			isa = XCLocalSwiftPackageReference;
			relativePath = Packages/AMUXSharedUI;
		};
/* End XCLocalSwiftPackageReference section */

/* Begin XCRemoteSwiftPackageReference section */
		50F232FD09A259B871847F9E /* XCRemoteSwiftPackageReference "sentry-cocoa" */ = {
			isa = XCRemoteSwiftPackageReference;
			repositoryURL = "https://github.com/getsentry/sentry-cocoa";
			requirement = {
				kind = upToNextMajorVersion;
				minimumVersion = 8.0.0;
			};
		};
/* End XCRemoteSwiftPackageReference section */

/* Begin XCSwiftPackageProductDependency section */
		5400E9174EF5F9869349C3EF /* AMUXSharedUI */ = {
			isa = XCSwiftPackageProductDependency;
			productName = AMUXSharedUI;
		};
		5821CF422126708735E13341 /* SentrySwiftUI */ = {
			isa = XCSwiftPackageProductDependency;
			package = 50F232FD09A259B871847F9E /* XCRemoteSwiftPackageReference "sentry-cocoa" */;
			productName = SentrySwiftUI;
		};
		984FDD5CB983CACB65198166 /* AMUXUI */ = {
			isa = XCSwiftPackageProductDependency;
			productName = AMUXUI;
		};
		E240150FE27A7C45F36DE38D /* AMUXCore */ = {
			isa = XCSwiftPackageProductDependency;
			productName = AMUXCore;
		};
/* End XCSwiftPackageProductDependency section */
	};
	rootObject = B5450DF3EE729297DB2BFD31 /* Project object */;
}
